
Microsoft Visual Studio Solution File, Format Version 12.00
# Visual Studio Version 17
VisualStudioVersion = 17.8.34525.116
MinimumVisualStudioVersion = 10.0.40219.1
Project("{FAE04EC0-301F-11D3-BF4B-00C04F79EFBC}") = "NoteTakingAppWithLogin.Server", "NoteTakingAppWithLogin\Server\NoteTakingAppWithLogin.Server.csproj", "{285ABCDF-121A-4685-AAD1-B31A545248AD}"
EndProject
Project("{FAE04EC0-301F-11D3-BF4B-00C04F79EFBC}") = "NoteTakingAppWithLogin.Client", "NoteTakingAppWithLogin\Client\NoteTakingAppWithLogin.Client.csproj", "{5C1AAD77-6F46-4FBE-8B45-8495B414A892}"
EndProject
Project("{FAE04EC0-301F-11D3-BF4B-00C04F79EFBC}") = "NoteTakingAppWithLogin.Shared", "NoteTakingAppWithLogin\Shared\NoteTakingAppWithLogin.Shared.csproj", "{020450BB-86BF-4C51-9507-FA96F5993F07}"
EndProject
Global
	GlobalSection(SolutionConfigurationPlatforms) = preSolution
		Debug|Any CPU = Debug|Any CPU
		Release|Any CPU = Release|Any CPU
	EndGlobalSection
	GlobalSection(ProjectConfigurationPlatforms) = postSolution
		{285ABCDF-121A-4685-AAD1-B31A545248AD}.Debug|Any CPU.ActiveCfg = Debug|Any CPU
		{285ABCDF-121A-4685-AAD1-B31A545248AD}.Debug|Any CPU.Build.0 = Debug|Any CPU
		{285ABCDF-121A-4685-AAD1-B31A545248AD}.Release|Any CPU.ActiveCfg = Release|Any CPU
		{285ABCDF-121A-4685-AAD1-B31A545248AD}.Release|Any CPU.Build.0 = Release|Any CPU
		{5C1AAD77-6F46-4FBE-8B45-8495B414A892}.Debug|Any CPU.ActiveCfg = Debug|Any CPU
		{5C1AAD77-6F46-4FBE-8B45-8495B414A892}.Debug|Any CPU.Build.0 = Debug|Any CPU
		{5C1AAD77-6F46-4FBE-8B45-8495B414A892}.Release|Any CPU.ActiveCfg = Release|Any CPU
		{5C1AAD77-6F46-4FBE-8B45-8495B414A892}.Release|Any CPU.Build.0 = Release|Any CPU
		{020450BB-86BF-4C51-9507-FA96F5993F07}.Debug|Any CPU.ActiveCfg = Debug|Any CPU
		{020450BB-86BF-4C51-9507-FA96F5993F07}.Debug|Any CPU.Build.0 = Debug|Any CPU
		{020450BB-86BF-4C51-9507-FA96F5993F07}.Release|Any CPU.ActiveCfg = Release|Any CPU
		{020450BB-86BF-4C51-9507-FA96F5993F07}.Release|Any CPU.Build.0 = Release|Any CPU
	EndGlobalSection
	GlobalSection(SolutionProperties) = preSolution
		HideSolutionNode = FALSE
	EndGlobalSection
	GlobalSection(ExtensibilityGlobals) = postSolution
		SolutionGuid = {1F85348F-4732-46EF-9F98-7FB997F1947D}
	EndGlobalSection
EndGlobal
